
Microsoft Visual Studio Solution File, Format Version 12.00
# Visual Studio 15
VisualStudioVersion = 15.0.28010.2050
MinimumVisualStudioVersion = 10.0.40219.1
Project("{8BC9CEB8-8B4A-11D0-8D11-00A0C91BC942}") = "algorithm010", "algorithm010\algorithm010.vcxproj", "{250805CC-1096-4D2B-9FC1-E5C248CFDC4B}"
EndProject
Global
	GlobalSection(SolutionConfigurationPlatforms) = preSolution
		Debug|x64 = Debug|x64
		Debug|x86 = Debug|x86
		Release|x64 = Release|x64
		Release|x86 = Release|x86
	EndGlobalSection
	GlobalSection(ProjectConfigurationPlatforms) = postSolution
		{250805CC-1096-4D2B-9FC1-E5C248CFDC4B}.Debug|x64.ActiveCfg = Debug|x64
		{250805CC-1096-4D2B-9FC1-E5C248CFDC4B}.Debug|x64.Build.0 = Debug|x64
		{250805CC-1096-4D2B-9FC1-E5C248CFDC4B}.Debug|x86.ActiveCfg = Debug|Win32
		{250805CC-1096-4D2B-9FC1-E5C248CFDC4B}.Debug|x86.Build.0 = Debug|Win32
		{250805CC-1096-4D2B-9FC1-E5C248CFDC4B}.Release|x64.ActiveCfg = Release|x64
		{250805CC-1096-4D2B-9FC1-E5C248CFDC4B}.Release|x64.Build.0 = Release|x64
		{250805CC-1096-4D2B-9FC1-E5C248CFDC4B}.Release|x86.ActiveCfg = Release|Win32
		{250805CC-1096-4D2B-9FC1-E5C248CFDC4B}.Release|x86.Build.0 = Release|Win32
	EndGlobalSection
	GlobalSection(SolutionProperties) = preSolution
		HideSolutionNode = FALSE
	EndGlobalSection
	GlobalSection(ExtensibilityGlobals) = postSolution
		SolutionGuid = {823982E4-27DB-46C0-96B0-802862B19348}
	EndGlobalSection
EndGlobal
