
Microsoft Visual Studio Solution File, Format Version 12.00
# Visual Studio 15
VisualStudioVersion = 15.0.28010.2050
MinimumVisualStudioVersion = 10.0.40219.1
Project("{8BC9CEB8-8B4A-11D0-8D11-00A0C91BC942}") = "algorithm009", "algorithm009\algorithm009.vcxproj", "{8D149E07-759A-4BC3-BFA3-E6829E1405E2}"
EndProject
Global
	GlobalSection(SolutionConfigurationPlatforms) = preSolution
		Debug|x64 = Debug|x64
		Debug|x86 = Debug|x86
		Release|x64 = Release|x64
		Release|x86 = Release|x86
	EndGlobalSection
	GlobalSection(ProjectConfigurationPlatforms) = postSolution
		{8D149E07-759A-4BC3-BFA3-E6829E1405E2}.Debug|x64.ActiveCfg = Debug|x64
		{8D149E07-759A-4BC3-BFA3-E6829E1405E2}.Debug|x64.Build.0 = Debug|x64
		{8D149E07-759A-4BC3-BFA3-E6829E1405E2}.Debug|x86.ActiveCfg = Debug|Win32
		{8D149E07-759A-4BC3-BFA3-E6829E1405E2}.Debug|x86.Build.0 = Debug|Win32
		{8D149E07-759A-4BC3-BFA3-E6829E1405E2}.Release|x64.ActiveCfg = Release|x64
		{8D149E07-759A-4BC3-BFA3-E6829E1405E2}.Release|x64.Build.0 = Release|x64
		{8D149E07-759A-4BC3-BFA3-E6829E1405E2}.Release|x86.ActiveCfg = Release|Win32
		{8D149E07-759A-4BC3-BFA3-E6829E1405E2}.Release|x86.Build.0 = Release|Win32
	EndGlobalSection
	GlobalSection(SolutionProperties) = preSolution
		HideSolutionNode = FALSE
	EndGlobalSection
	GlobalSection(ExtensibilityGlobals) = postSolution
		SolutionGuid = {63255BF0-2EC3-45FC-9B86-E288AF7011DB}
	EndGlobalSection
EndGlobal
